
Microsoft Visual Studio Solution File, Format Version 12.00
# Visual Studio Version 17
VisualStudioVersion = 17.14.36414.22 d17.14
MinimumVisualStudioVersion = 10.0.40219.1
Project("{FAE04EC0-301F-11D3-BF4B-00C04F79EFBC}") = "calculadora", "calculadora\calculadora.csproj", "{3A961915-BF0F-4A9C-8B29-C774E536487D}"
EndProject
Global
	GlobalSection(SolutionConfigurationPlatforms) = preSolution
		Debug|Any CPU = Debug|Any CPU
		Release|Any CPU = Release|Any CPU
	EndGlobalSection
	GlobalSection(ProjectConfigurationPlatforms) = postSolution
		{3A961915-BF0F-4A9C-8B29-C774E536487D}.Debug|Any CPU.ActiveCfg = Debug|Any CPU
		{3A961915-BF0F-4A9C-8B29-C774E536487D}.Debug|Any CPU.Build.0 = Debug|Any CPU
		{3A961915-BF0F-4A9C-8B29-C774E536487D}.Release|Any CPU.ActiveCfg = Release|Any CPU
		{3A961915-BF0F-4A9C-8B29-C774E536487D}.Release|Any CPU.Build.0 = Release|Any CPU
	EndGlobalSection
	GlobalSection(SolutionProperties) = preSolution
		HideSolutionNode = FALSE
	EndGlobalSection
	GlobalSection(ExtensibilityGlobals) = postSolution
		SolutionGuid = {6B6BAD4C-CF51-4697-A8F7-4FB43ECC6B10}
	EndGlobalSection
EndGlobal
